
Microsoft Visual Studio Solution File, Format Version 12.00
# Visual Studio Version 17
VisualStudioVersion = 17.14.36518.9 d17.14
MinimumVisualStudioVersion = 10.0.40219.1
Project("{FAE04EC0-301F-11D3-BF4B-00C04F79EFBC}") = "praktik5.2_vikoediyansahputra_xpplg1", "praktik5.2_vikoediyansahputra_xpplg1\praktik5.2_vikoediyansahputra_xpplg1.csproj", "{428A2DEB-2750-4C7A-8A61-33A59C67977F}"
EndProject
Global
	GlobalSection(SolutionConfigurationPlatforms) = preSolution
		Debug|Any CPU = Debug|Any CPU
		Release|Any CPU = Release|Any CPU
	EndGlobalSection
	GlobalSection(ProjectConfigurationPlatforms) = postSolution
		{428A2DEB-2750-4C7A-8A61-33A59C67977F}.Debug|Any CPU.ActiveCfg = Debug|Any CPU
		{428A2DEB-2750-4C7A-8A61-33A59C67977F}.Debug|Any CPU.Build.0 = Debug|Any CPU
		{428A2DEB-2750-4C7A-8A61-33A59C67977F}.Release|Any CPU.ActiveCfg = Release|Any CPU
		{428A2DEB-2750-4C7A-8A61-33A59C67977F}.Release|Any CPU.Build.0 = Release|Any CPU
	EndGlobalSection
	GlobalSection(SolutionProperties) = preSolution
		HideSolutionNode = FALSE
	EndGlobalSection
	GlobalSection(ExtensibilityGlobals) = postSolution
		SolutionGuid = {CB2A229F-30D0-4142-AF62-6B711E580BAB}
	EndGlobalSection
EndGlobal
