
Microsoft Visual Studio Solution File, Format Version 12.00
# Visual Studio Version 17
VisualStudioVersion = 17.14.36518.9 d17.14
MinimumVisualStudioVersion = 10.0.40219.1
Project("{FAE04EC0-301F-11D3-BF4B-00C04F79EFBC}") = "praktik5.3_vikoediyansahputra_xpplg1", "praktik5.3_vikoediyansahputra_xpplg1\praktik5.3_vikoediyansahputra_xpplg1.csproj", "{AB614F7A-030A-48A2-9C7F-DDA9CB1F964E}"
EndProject
Global
	GlobalSection(SolutionConfigurationPlatforms) = preSolution
		Debug|Any CPU = Debug|Any CPU
		Release|Any CPU = Release|Any CPU
	EndGlobalSection
	GlobalSection(ProjectConfigurationPlatforms) = postSolution
		{AB614F7A-030A-48A2-9C7F-DDA9CB1F964E}.Debug|Any CPU.ActiveCfg = Debug|Any CPU
		{AB614F7A-030A-48A2-9C7F-DDA9CB1F964E}.Debug|Any CPU.Build.0 = Debug|Any CPU
		{AB614F7A-030A-48A2-9C7F-DDA9CB1F964E}.Release|Any CPU.ActiveCfg = Release|Any CPU
		{AB614F7A-030A-48A2-9C7F-DDA9CB1F964E}.Release|Any CPU.Build.0 = Release|Any CPU
	EndGlobalSection
	GlobalSection(SolutionProperties) = preSolution
		HideSolutionNode = FALSE
	EndGlobalSection
	GlobalSection(ExtensibilityGlobals) = postSolution
		SolutionGuid = {1FB25C23-69EB-45CC-AAF3-083D799ABA1F}
	EndGlobalSection
EndGlobal
