
Microsoft Visual Studio Solution File, Format Version 12.00
# Visual Studio Version 17
VisualStudioVersion = 17.14.36518.9 d17.14
MinimumVisualStudioVersion = 10.0.40219.1
Project("{FAE04EC0-301F-11D3-BF4B-00C04F79EFBC}") = "praktik5.8_vikoediyansahputra_xpplg1", "praktik5.8_vikoediyansahputra_xpplg1\praktik5.8_vikoediyansahputra_xpplg1.csproj", "{E662EAD3-2EE3-4303-A072-7FD173362F64}"
EndProject
Global
	GlobalSection(SolutionConfigurationPlatforms) = preSolution
		Debug|Any CPU = Debug|Any CPU
		Release|Any CPU = Release|Any CPU
	EndGlobalSection
	GlobalSection(ProjectConfigurationPlatforms) = postSolution
		{E662EAD3-2EE3-4303-A072-7FD173362F64}.Debug|Any CPU.ActiveCfg = Debug|Any CPU
		{E662EAD3-2EE3-4303-A072-7FD173362F64}.Debug|Any CPU.Build.0 = Debug|Any CPU
		{E662EAD3-2EE3-4303-A072-7FD173362F64}.Release|Any CPU.ActiveCfg = Release|Any CPU
		{E662EAD3-2EE3-4303-A072-7FD173362F64}.Release|Any CPU.Build.0 = Release|Any CPU
	EndGlobalSection
	GlobalSection(SolutionProperties) = preSolution
		HideSolutionNode = FALSE
	EndGlobalSection
	GlobalSection(ExtensibilityGlobals) = postSolution
		SolutionGuid = {AEA9E91E-E1EA-4B47-89DA-9D3A89CFA068}
	EndGlobalSection
EndGlobal
