
Microsoft Visual Studio Solution File, Format Version 12.00
# Visual Studio Version 17
VisualStudioVersion = 17.14.36518.9 d17.14
MinimumVisualStudioVersion = 10.0.40219.1
Project("{FAE04EC0-301F-11D3-BF4B-00C04F79EFBC}") = "Praktik4.5_VikoEdiyansahPutra_xpplg1", "Praktik4.5_VikoEdiyansahPutra_xpplg1\Praktik4.5_VikoEdiyansahPutra_xpplg1.csproj", "{76D5AAF0-2C17-4668-BEA4-30B7396F0410}"
EndProject
Global
	GlobalSection(SolutionConfigurationPlatforms) = preSolution
		Debug|Any CPU = Debug|Any CPU
		Release|Any CPU = Release|Any CPU
	EndGlobalSection
	GlobalSection(ProjectConfigurationPlatforms) = postSolution
		{76D5AAF0-2C17-4668-BEA4-30B7396F0410}.Debug|Any CPU.ActiveCfg = Debug|Any CPU
		{76D5AAF0-2C17-4668-BEA4-30B7396F0410}.Debug|Any CPU.Build.0 = Debug|Any CPU
		{76D5AAF0-2C17-4668-BEA4-30B7396F0410}.Release|Any CPU.ActiveCfg = Release|Any CPU
		{76D5AAF0-2C17-4668-BEA4-30B7396F0410}.Release|Any CPU.Build.0 = Release|Any CPU
	EndGlobalSection
	GlobalSection(SolutionProperties) = preSolution
		HideSolutionNode = FALSE
	EndGlobalSection
	GlobalSection(ExtensibilityGlobals) = postSolution
		SolutionGuid = {58C29787-FE88-492B-B625-78F45BF6C4B3}
	EndGlobalSection
EndGlobal
